{
  "name": "lomi-test",
  "version": "0.1.0",
  "lockfileVersion": 3,
  "requires": true,
  "packages": {
    "": {
      "name": "lomi-test",
      "version": "0.1.0",
      "workspaces": [
        "apps/*"
      ],
      "engines": {
        "node": ">=20"
      }
    },
    "apps/api": {
      "version": "0.1.0"
    },
    "apps/bot": {
      "version": "0.1.0"
    },
    "apps/web": {
      "version": "0.1.0"
    },
    "node_modules/api": {
      "resolved": "apps/api",
      "link": true
    },
    "node_modules/bot": {
      "resolved": "apps/bot",
      "link": true
    },
    "node_modules/web": {
      "resolved": "apps/web",
      "link": true
    }
  }
}
